{
  "lockfileVersion": 1,
  "workspaces": {
    "": {
      "name": "mc.js",
      "dependencies": {
        "child_process": "^1.0.2",
        "crypto": "^1.0.1",
        "fs": "^0.0.1-security",
      },
    },
  },
  "packages": {
    "child_process": ["child_process@1.0.2", "", {}, "sha512-Wmza/JzL0SiWz7kl6MhIKT5ceIlnFPJX+lwUGj7Clhy5MMldsSoJR0+uvRzOS5Kv45Mq7t1PoE8TsOA9bzvb6g=="],

    "crypto": ["crypto@1.0.1", "", {}, "sha512-VxBKmeNcqQdiUQUW2Tzq0t377b54N2bMtXO/qiLa+6eRRmmC4qT3D4OnTGoT/U6O9aklQ/jTwbOtRMTTY8G0Ig=="],

    "fs": ["fs@0.0.1-security", "", {}, "sha512-3XY9e1pP0CVEUCdj5BmfIZxRBTSDycnbqhIOGec9QYtmVH2fbLpj86CFWkrNOkt/Fvty4KZG5lTglL9j/gJ87w=="],
  }
}
